
Microsoft Visual Studio Solution File, Format Version 12.00
# Visual Studio Version 17
VisualStudioVersion = 17.1.32319.34
MinimumVisualStudioVersion = 10.0.40219.1
Project("{9A19103F-16F7-4668-BE54-9A1E7A4F7556}") = "CalendarData", "CalendarData\CalendarData.csproj", "{A132F69D-ED51-443F-86D5-9485EB5D314F}"
EndProject
Project("{9A19103F-16F7-4668-BE54-9A1E7A4F7556}") = "CalendarLogic", "CalendarLogic\CalendarLogic.csproj", "{3919B98A-3353-4F97-A55E-42A29C6A41C3}"
EndProject
Project("{9A19103F-16F7-4668-BE54-9A1E7A4F7556}") = "CalendarViewModel", "CalendarViewModel\CalendarViewModel.csproj", "{37B96E68-98D3-4CC0-8EEE-6B935776EBDF}"
EndProject
Project("{9A19103F-16F7-4668-BE54-9A1E7A4F7556}") = "CalendarModel", "CalendarModel\CalendarModel.csproj", "{6169FD83-7BB3-4195-A0E3-A878ED1A775F}"
EndProject
Project("{9A19103F-16F7-4668-BE54-9A1E7A4F7556}") = "CalendarView", "CalendarView\CalendarView.csproj", "{3D1E5890-9F7A-4630-939A-F6659386B6F5}"
EndProject
Project("{9A19103F-16F7-4668-BE54-9A1E7A4F7556}") = "CalendarData.Test", "CalendarData.Test\CalendarData.Test.csproj", "{861039C8-CF42-4F2F-BCA8-43F5CE0C1D0D}"
EndProject
Project("{FAE04EC0-301F-11D3-BF4B-00C04F79EFBC}") = "CalendarLogic.Test", "CalendarLogic.Test\CalendarLogic.Test.csproj", "{2CE9BD1B-2C43-4841-A984-D613376FCC2A}"
EndProject
Global
	GlobalSection(SolutionConfigurationPlatforms) = preSolution
		Debug|Any CPU = Debug|Any CPU
		Release|Any CPU = Release|Any CPU
	EndGlobalSection
	GlobalSection(ProjectConfigurationPlatforms) = postSolution
		{A132F69D-ED51-443F-86D5-9485EB5D314F}.Debug|Any CPU.ActiveCfg = Debug|Any CPU
		{A132F69D-ED51-443F-86D5-9485EB5D314F}.Debug|Any CPU.Build.0 = Debug|Any CPU
		{A132F69D-ED51-443F-86D5-9485EB5D314F}.Release|Any CPU.ActiveCfg = Release|Any CPU
		{A132F69D-ED51-443F-86D5-9485EB5D314F}.Release|Any CPU.Build.0 = Release|Any CPU
		{3919B98A-3353-4F97-A55E-42A29C6A41C3}.Debug|Any CPU.ActiveCfg = Debug|Any CPU
		{3919B98A-3353-4F97-A55E-42A29C6A41C3}.Debug|Any CPU.Build.0 = Debug|Any CPU
		{3919B98A-3353-4F97-A55E-42A29C6A41C3}.Release|Any CPU.ActiveCfg = Release|Any CPU
		{3919B98A-3353-4F97-A55E-42A29C6A41C3}.Release|Any CPU.Build.0 = Release|Any CPU
		{37B96E68-98D3-4CC0-8EEE-6B935776EBDF}.Debug|Any CPU.ActiveCfg = Debug|Any CPU
		{37B96E68-98D3-4CC0-8EEE-6B935776EBDF}.Debug|Any CPU.Build.0 = Debug|Any CPU
		{37B96E68-98D3-4CC0-8EEE-6B935776EBDF}.Release|Any CPU.ActiveCfg = Release|Any CPU
		{37B96E68-98D3-4CC0-8EEE-6B935776EBDF}.Release|Any CPU.Build.0 = Release|Any CPU
		{6169FD83-7BB3-4195-A0E3-A878ED1A775F}.Debug|Any CPU.ActiveCfg = Debug|Any CPU
		{6169FD83-7BB3-4195-A0E3-A878ED1A775F}.Debug|Any CPU.Build.0 = Debug|Any CPU
		{6169FD83-7BB3-4195-A0E3-A878ED1A775F}.Release|Any CPU.ActiveCfg = Release|Any CPU
		{6169FD83-7BB3-4195-A0E3-A878ED1A775F}.Release|Any CPU.Build.0 = Release|Any CPU
		{3D1E5890-9F7A-4630-939A-F6659386B6F5}.Debug|Any CPU.ActiveCfg = Debug|Any CPU
		{3D1E5890-9F7A-4630-939A-F6659386B6F5}.Debug|Any CPU.Build.0 = Debug|Any CPU
		{3D1E5890-9F7A-4630-939A-F6659386B6F5}.Release|Any CPU.ActiveCfg = Release|Any CPU
		{3D1E5890-9F7A-4630-939A-F6659386B6F5}.Release|Any CPU.Build.0 = Release|Any CPU
		{861039C8-CF42-4F2F-BCA8-43F5CE0C1D0D}.Debug|Any CPU.ActiveCfg = Debug|Any CPU
		{861039C8-CF42-4F2F-BCA8-43F5CE0C1D0D}.Debug|Any CPU.Build.0 = Debug|Any CPU
		{861039C8-CF42-4F2F-BCA8-43F5CE0C1D0D}.Release|Any CPU.ActiveCfg = Release|Any CPU
		{861039C8-CF42-4F2F-BCA8-43F5CE0C1D0D}.Release|Any CPU.Build.0 = Release|Any CPU
		{2CE9BD1B-2C43-4841-A984-D613376FCC2A}.Debug|Any CPU.ActiveCfg = Debug|Any CPU
		{2CE9BD1B-2C43-4841-A984-D613376FCC2A}.Debug|Any CPU.Build.0 = Debug|Any CPU
		{2CE9BD1B-2C43-4841-A984-D613376FCC2A}.Release|Any CPU.ActiveCfg = Release|Any CPU
		{2CE9BD1B-2C43-4841-A984-D613376FCC2A}.Release|Any CPU.Build.0 = Release|Any CPU
	EndGlobalSection
	GlobalSection(SolutionProperties) = preSolution
		HideSolutionNode = FALSE
	EndGlobalSection
	GlobalSection(ExtensibilityGlobals) = postSolution
		SolutionGuid = {7474F828-9351-4D0A-A60F-8A43DEEF46F0}
	EndGlobalSection
EndGlobal
