
Microsoft Visual Studio Solution File, Format Version 12.00
# Visual Studio Version 17
VisualStudioVersion = 17.1.32319.34
MinimumVisualStudioVersion = 10.0.40219.1
Project("{9A19103F-16F7-4668-BE54-9A1E7A4F7556}") = "CalendarData", "CalendarData\CalendarData.csproj", "{A132F69D-ED51-443F-86D5-9485EB5D314F}"
EndProject
Project("{9A19103F-16F7-4668-BE54-9A1E7A4F7556}") = "CalendarLogic", "CalendarLogic\CalendarLogic.csproj", "{3919B98A-3353-4F97-A55E-42A29C6A41C3}"
EndProject
Project("{9A19103F-16F7-4668-BE54-9A1E7A4F7556}") = "CalendarViewModel", "CalendarViewModel\CalendarViewModel.csproj", "{37B96E68-98D3-4CC0-8EEE-6B935776EBDF}"
EndProject
Project("{9A19103F-16F7-4668-BE54-9A1E7A4F7556}") = "CalendarModel", "CalendarModel\CalendarModel.csproj", "{6169FD83-7BB3-4195-A0E3-A878ED1A775F}"
EndProject
Project("{9A19103F-16F7-4668-BE54-9A1E7A4F7556}") = "CalendarView", "CalendarView\CalendarView.csproj", "{3D1E5890-9F7A-4630-939A-F6659386B6F5}"
EndProject
Project("{9A19103F-16F7-4668-BE54-9A1E7A4F7556}") = "CalendarData.Test", "CalendarData.Test\CalendarData.Test.csproj", "{861039C8-CF42-4F2F-BCA8-43F5CE0C1D0D}"
EndProject
Project("{9A19103F-16F7-4668-BE54-9A1E7A4F7556}") = "CalendarLogic.Test", "CalendarLogic.Test\CalendarLogic.Test.csproj", "{2CE9BD1B-2C43-4841-A984-D613376FCC2A}"
EndProject
Project("{9A19103F-16F7-4668-BE54-9A1E7A4F7556}") = "CalendarLogicServer", "CalendarLogicServer\CalendarLogicServer.csproj", "{5C841F40-D16E-4D96-9CD7-4989AD496088}"
EndProject
Project("{9A19103F-16F7-4668-BE54-9A1E7A4F7556}") = "CalendarDataServer", "CalendarDataServer\CalendarDataServer.csproj", "{18C4853E-D50A-4A5D-B85D-8BA8E24BAFF9}"
EndProject
Project("{9A19103F-16F7-4668-BE54-9A1E7A4F7556}") = "CalendarViewServer", "CalendarPresentationServer\CalendarViewServer.csproj", "{14DCDFD7-B02C-4D1A-AFB9-7EBDB7E09F6B}"
EndProject
Project("{9A19103F-16F7-4668-BE54-9A1E7A4F7556}") = "CalendarViewModelServer", "CalendarViewModelServer\CalendarViewModelServer.csproj", "{F5423DD4-8C3B-4008-AD38-FA3DDD3F6C5B}"
EndProject
Project("{9A19103F-16F7-4668-BE54-9A1E7A4F7556}") = "CalendarModelServer", "CalendarModelServer\CalendarModelServer.csproj", "{961299FB-E9E5-429E-B207-89FC111934E4}"
EndProject
Project("{9A19103F-16F7-4668-BE54-9A1E7A4F7556}") = "CalendarDataServer.Test", "CalendarDataServer.Test\CalendarDataServer.Test.csproj", "{B7BB6347-9BEF-4BD0-BD5A-51DD27185526}"
EndProject
Project("{9A19103F-16F7-4668-BE54-9A1E7A4F7556}") = "CalendarLogicServer.Test", "CalendarLogicServer.Test\CalendarLogicServer.Test.csproj", "{101ABE8C-BD2F-45EE-90EE-9A7A2F90F0E1}"
EndProject
Project("{2150E333-8FDC-42A3-9474-1A3956D46DE8}") = "Client", "Client", "{8C6D2034-2ABF-4653-B966-8946A701DBE0}"
EndProject
Project("{2150E333-8FDC-42A3-9474-1A3956D46DE8}") = "Server", "Server", "{18DCFAD3-A0BB-48F9-B6C9-840BB7EF5CDE}"
EndProject
Project("{2150E333-8FDC-42A3-9474-1A3956D46DE8}") = "Implementation", "Implementation", "{3CFE63C5-9D95-44DD-ABD1-342A80FB57FC}"
EndProject
Project("{2150E333-8FDC-42A3-9474-1A3956D46DE8}") = "Tests", "Tests", "{8C49E325-D111-4A13-BDF4-91C79EE8BF10}"
EndProject
Project("{2150E333-8FDC-42A3-9474-1A3956D46DE8}") = "Implementation", "Implementation", "{6B84E392-CBDA-47BB-A53F-3999C7B21E53}"
EndProject
Project("{2150E333-8FDC-42A3-9474-1A3956D46DE8}") = "Tests", "Tests", "{88935790-3D12-4203-A200-FA19545FD908}"
EndProject
Project("{FAE04EC0-301F-11D3-BF4B-00C04F79EFBC}") = "OpcUaModel", "OpcUaModel\OpcUaModel.csproj", "{E517EA45-FA47-488D-9B1F-5E2C5829AF0F}"
EndProject
Global
	GlobalSection(SolutionConfigurationPlatforms) = preSolution
		Debug|Any CPU = Debug|Any CPU
		Release|Any CPU = Release|Any CPU
	EndGlobalSection
	GlobalSection(ProjectConfigurationPlatforms) = postSolution
		{A132F69D-ED51-443F-86D5-9485EB5D314F}.Debug|Any CPU.ActiveCfg = Debug|Any CPU
		{A132F69D-ED51-443F-86D5-9485EB5D314F}.Debug|Any CPU.Build.0 = Debug|Any CPU
		{A132F69D-ED51-443F-86D5-9485EB5D314F}.Release|Any CPU.ActiveCfg = Release|Any CPU
		{A132F69D-ED51-443F-86D5-9485EB5D314F}.Release|Any CPU.Build.0 = Release|Any CPU
		{3919B98A-3353-4F97-A55E-42A29C6A41C3}.Debug|Any CPU.ActiveCfg = Debug|Any CPU
		{3919B98A-3353-4F97-A55E-42A29C6A41C3}.Debug|Any CPU.Build.0 = Debug|Any CPU
		{3919B98A-3353-4F97-A55E-42A29C6A41C3}.Release|Any CPU.ActiveCfg = Release|Any CPU
		{3919B98A-3353-4F97-A55E-42A29C6A41C3}.Release|Any CPU.Build.0 = Release|Any CPU
		{37B96E68-98D3-4CC0-8EEE-6B935776EBDF}.Debug|Any CPU.ActiveCfg = Debug|Any CPU
		{37B96E68-98D3-4CC0-8EEE-6B935776EBDF}.Debug|Any CPU.Build.0 = Debug|Any CPU
		{37B96E68-98D3-4CC0-8EEE-6B935776EBDF}.Release|Any CPU.ActiveCfg = Release|Any CPU
		{37B96E68-98D3-4CC0-8EEE-6B935776EBDF}.Release|Any CPU.Build.0 = Release|Any CPU
		{6169FD83-7BB3-4195-A0E3-A878ED1A775F}.Debug|Any CPU.ActiveCfg = Debug|Any CPU
		{6169FD83-7BB3-4195-A0E3-A878ED1A775F}.Debug|Any CPU.Build.0 = Debug|Any CPU
		{6169FD83-7BB3-4195-A0E3-A878ED1A775F}.Release|Any CPU.ActiveCfg = Release|Any CPU
		{6169FD83-7BB3-4195-A0E3-A878ED1A775F}.Release|Any CPU.Build.0 = Release|Any CPU
		{3D1E5890-9F7A-4630-939A-F6659386B6F5}.Debug|Any CPU.ActiveCfg = Debug|Any CPU
		{3D1E5890-9F7A-4630-939A-F6659386B6F5}.Debug|Any CPU.Build.0 = Debug|Any CPU
		{3D1E5890-9F7A-4630-939A-F6659386B6F5}.Release|Any CPU.ActiveCfg = Release|Any CPU
		{3D1E5890-9F7A-4630-939A-F6659386B6F5}.Release|Any CPU.Build.0 = Release|Any CPU
		{861039C8-CF42-4F2F-BCA8-43F5CE0C1D0D}.Debug|Any CPU.ActiveCfg = Debug|Any CPU
		{861039C8-CF42-4F2F-BCA8-43F5CE0C1D0D}.Debug|Any CPU.Build.0 = Debug|Any CPU
		{861039C8-CF42-4F2F-BCA8-43F5CE0C1D0D}.Release|Any CPU.ActiveCfg = Release|Any CPU
		{2CE9BD1B-2C43-4841-A984-D613376FCC2A}.Debug|Any CPU.ActiveCfg = Debug|Any CPU
		{2CE9BD1B-2C43-4841-A984-D613376FCC2A}.Debug|Any CPU.Build.0 = Debug|Any CPU
		{2CE9BD1B-2C43-4841-A984-D613376FCC2A}.Release|Any CPU.ActiveCfg = Release|Any CPU
		{5C841F40-D16E-4D96-9CD7-4989AD496088}.Debug|Any CPU.ActiveCfg = Debug|Any CPU
		{5C841F40-D16E-4D96-9CD7-4989AD496088}.Debug|Any CPU.Build.0 = Debug|Any CPU
		{5C841F40-D16E-4D96-9CD7-4989AD496088}.Release|Any CPU.ActiveCfg = Release|Any CPU
		{5C841F40-D16E-4D96-9CD7-4989AD496088}.Release|Any CPU.Build.0 = Release|Any CPU
		{18C4853E-D50A-4A5D-B85D-8BA8E24BAFF9}.Debug|Any CPU.ActiveCfg = Debug|Any CPU
		{18C4853E-D50A-4A5D-B85D-8BA8E24BAFF9}.Debug|Any CPU.Build.0 = Debug|Any CPU
		{18C4853E-D50A-4A5D-B85D-8BA8E24BAFF9}.Release|Any CPU.ActiveCfg = Release|Any CPU
		{18C4853E-D50A-4A5D-B85D-8BA8E24BAFF9}.Release|Any CPU.Build.0 = Release|Any CPU
		{14DCDFD7-B02C-4D1A-AFB9-7EBDB7E09F6B}.Debug|Any CPU.ActiveCfg = Debug|Any CPU
		{14DCDFD7-B02C-4D1A-AFB9-7EBDB7E09F6B}.Debug|Any CPU.Build.0 = Debug|Any CPU
		{14DCDFD7-B02C-4D1A-AFB9-7EBDB7E09F6B}.Release|Any CPU.ActiveCfg = Release|Any CPU
		{14DCDFD7-B02C-4D1A-AFB9-7EBDB7E09F6B}.Release|Any CPU.Build.0 = Release|Any CPU
		{F5423DD4-8C3B-4008-AD38-FA3DDD3F6C5B}.Debug|Any CPU.ActiveCfg = Debug|Any CPU
		{F5423DD4-8C3B-4008-AD38-FA3DDD3F6C5B}.Debug|Any CPU.Build.0 = Debug|Any CPU
		{F5423DD4-8C3B-4008-AD38-FA3DDD3F6C5B}.Release|Any CPU.ActiveCfg = Release|Any CPU
		{F5423DD4-8C3B-4008-AD38-FA3DDD3F6C5B}.Release|Any CPU.Build.0 = Release|Any CPU
		{961299FB-E9E5-429E-B207-89FC111934E4}.Debug|Any CPU.ActiveCfg = Debug|Any CPU
		{961299FB-E9E5-429E-B207-89FC111934E4}.Debug|Any CPU.Build.0 = Debug|Any CPU
		{961299FB-E9E5-429E-B207-89FC111934E4}.Release|Any CPU.ActiveCfg = Release|Any CPU
		{961299FB-E9E5-429E-B207-89FC111934E4}.Release|Any CPU.Build.0 = Release|Any CPU
		{B7BB6347-9BEF-4BD0-BD5A-51DD27185526}.Debug|Any CPU.ActiveCfg = Debug|Any CPU
		{B7BB6347-9BEF-4BD0-BD5A-51DD27185526}.Debug|Any CPU.Build.0 = Debug|Any CPU
		{B7BB6347-9BEF-4BD0-BD5A-51DD27185526}.Release|Any CPU.ActiveCfg = Release|Any CPU
		{101ABE8C-BD2F-45EE-90EE-9A7A2F90F0E1}.Debug|Any CPU.ActiveCfg = Debug|Any CPU
		{101ABE8C-BD2F-45EE-90EE-9A7A2F90F0E1}.Debug|Any CPU.Build.0 = Debug|Any CPU
		{101ABE8C-BD2F-45EE-90EE-9A7A2F90F0E1}.Release|Any CPU.ActiveCfg = Release|Any CPU
		{E517EA45-FA47-488D-9B1F-5E2C5829AF0F}.Debug|Any CPU.ActiveCfg = Debug|Any CPU
		{E517EA45-FA47-488D-9B1F-5E2C5829AF0F}.Debug|Any CPU.Build.0 = Debug|Any CPU
		{E517EA45-FA47-488D-9B1F-5E2C5829AF0F}.Release|Any CPU.ActiveCfg = Release|Any CPU
		{E517EA45-FA47-488D-9B1F-5E2C5829AF0F}.Release|Any CPU.Build.0 = Release|Any CPU
	EndGlobalSection
	GlobalSection(SolutionProperties) = preSolution
		HideSolutionNode = FALSE
	EndGlobalSection
	GlobalSection(NestedProjects) = preSolution
		{A132F69D-ED51-443F-86D5-9485EB5D314F} = {3CFE63C5-9D95-44DD-ABD1-342A80FB57FC}
		{3919B98A-3353-4F97-A55E-42A29C6A41C3} = {3CFE63C5-9D95-44DD-ABD1-342A80FB57FC}
		{37B96E68-98D3-4CC0-8EEE-6B935776EBDF} = {3CFE63C5-9D95-44DD-ABD1-342A80FB57FC}
		{6169FD83-7BB3-4195-A0E3-A878ED1A775F} = {3CFE63C5-9D95-44DD-ABD1-342A80FB57FC}
		{3D1E5890-9F7A-4630-939A-F6659386B6F5} = {3CFE63C5-9D95-44DD-ABD1-342A80FB57FC}
		{861039C8-CF42-4F2F-BCA8-43F5CE0C1D0D} = {8C49E325-D111-4A13-BDF4-91C79EE8BF10}
		{2CE9BD1B-2C43-4841-A984-D613376FCC2A} = {8C49E325-D111-4A13-BDF4-91C79EE8BF10}
		{5C841F40-D16E-4D96-9CD7-4989AD496088} = {6B84E392-CBDA-47BB-A53F-3999C7B21E53}
		{18C4853E-D50A-4A5D-B85D-8BA8E24BAFF9} = {6B84E392-CBDA-47BB-A53F-3999C7B21E53}
		{14DCDFD7-B02C-4D1A-AFB9-7EBDB7E09F6B} = {6B84E392-CBDA-47BB-A53F-3999C7B21E53}
		{F5423DD4-8C3B-4008-AD38-FA3DDD3F6C5B} = {6B84E392-CBDA-47BB-A53F-3999C7B21E53}
		{961299FB-E9E5-429E-B207-89FC111934E4} = {6B84E392-CBDA-47BB-A53F-3999C7B21E53}
		{B7BB6347-9BEF-4BD0-BD5A-51DD27185526} = {88935790-3D12-4203-A200-FA19545FD908}
		{101ABE8C-BD2F-45EE-90EE-9A7A2F90F0E1} = {88935790-3D12-4203-A200-FA19545FD908}
		{3CFE63C5-9D95-44DD-ABD1-342A80FB57FC} = {8C6D2034-2ABF-4653-B966-8946A701DBE0}
		{8C49E325-D111-4A13-BDF4-91C79EE8BF10} = {8C6D2034-2ABF-4653-B966-8946A701DBE0}
		{6B84E392-CBDA-47BB-A53F-3999C7B21E53} = {18DCFAD3-A0BB-48F9-B6C9-840BB7EF5CDE}
		{88935790-3D12-4203-A200-FA19545FD908} = {18DCFAD3-A0BB-48F9-B6C9-840BB7EF5CDE}
	EndGlobalSection
	GlobalSection(ExtensibilityGlobals) = postSolution
		SolutionGuid = {7474F828-9351-4D0A-A60F-8A43DEEF46F0}
	EndGlobalSection
EndGlobal
